# THIS IS AN AUTOGENERATED FILE. DO NOT EDIT THIS FILE DIRECTLY.
# yarn lockfile v1


bluebird@^3.3.3:
  version "3.5.1"
  resolved "https://registry.yarnpkg.com/bluebird/-/bluebird-3.5.1.tgz#d9551f9de98f1fcda1e683d17ee91a0602ee2eb9"

lodash@^4.17.10, lodash@^4.6.1:
  version "4.17.10"
  resolved "https://registry.yarnpkg.com/lodash/-/lodash-4.17.10.tgz#1b7793cf7259ea38fb3661d4d38b3260af8ae4e7"

magnum-plugin-utils@^1.3.1:
  version "1.4.0"
  resolved "https://registry.yarnpkg.com/magnum-plugin-utils/-/magnum-plugin-utils-1.4.0.tgz#fe9b9b325a3e9cefdf0e1bd6a40397839c8c1bc9"
  dependencies:
    bluebird "^3.3.3"
    lodash "^4.6.1"
    path-parse "^1.0.5"

path-parse@^1.0.5:
  version "1.0.5"
  resolved "https://registry.yarnpkg.com/path-parse/-/path-parse-1.0.5.tgz#3c1adf871ea9cd6c9431b6ea2bd74a0ff055c4c1"
